{
  "name": "dark-circuits-tools",
  "lockfileVersion": 3,
  "requires": true,
  "packages": {
    "": {
      "name": "dark-circuits-tools",
      "dependencies": {
        "@darkwalletrh/dark-sdk": "file:../../packages/dark-sdk"
      }
    },
    "../../packages/dark-sdk": {
      "name": "@darkwalletrh/dark-sdk",
      "version": "0.0.1",
      "license": "MIT OR Apache-2.0",
      "dependencies": {
        "@noble/ciphers": "^1.3.0",
        "@noble/curves": "^1.9.7",
        "@noble/hashes": "^1.8.0"
      },
      "devDependencies": {
        "@types/node": "^22.10.0",
        "@types/react": "^18.3.31",
        "react": "^18.3.1",
        "tsx": "^4.19.2",
        "typescript": "^5.7.2"
      },
      "peerDependencies": {
        "react": ">=18",
        "viem": "^2"
      },
      "peerDependenciesMeta": {
        "react": {
          "optional": true
        },
        "viem": {
          "optional": true
        }
      }
    },
    "node_modules/@darkwalletrh/dark-sdk": {
      "resolved": "../../packages/dark-sdk",
      "link": true
    }
  }
}
